
Microsoft Visual Studio Solution File, Format Version 12.00
# Visual Studio Version 17
VisualStudioVersion = 17.8.34511.84
MinimumVisualStudioVersion = 10.0.40219.1
Project("{2150E333-8FDC-42A3-9474-1A3956D46DE8}") = "src", "src", "{548CE4A6-6131-4D78-BEA2-C99EF4DFB9AF}"
EndProject
Project("{2150E333-8FDC-42A3-9474-1A3956D46DE8}") = "Asp.NetCore", "Asp.NetCore", "{807FBFF2-3267-489F-94E4-5FDD4D1D9A2A}"
EndProject
Project("{9A19103F-16F7-4668-BE54-9A1E7A4F7556}") = "Asp.NetCore", "src\Asp.NetCore\Asp.NetCore\Asp.NetCore.csproj", "{9645E404-EA03-4A3A-AE60-42E58390C111}"
EndProject
Project("{2150E333-8FDC-42A3-9474-1A3956D46DE8}") = "WebAPI", "WebAPI", "{4F5A164A-EC3A-4E82-ACEC-33A9A0CD36C7}"
EndProject
Project("{9A19103F-16F7-4668-BE54-9A1E7A4F7556}") = "Asp.NetCore.WebAPI", "src\WebAPI\Asp.NetCore.WebAPI\Asp.NetCore.WebAPI.csproj", "{93EAF1BC-495C-41D7-A033-39E4D045204C}"
EndProject
Project("{2150E333-8FDC-42A3-9474-1A3956D46DE8}") = "corePackages", "corePackages", "{9B69EF0E-2223-41A1-AEE9-7B90DFD5D40D}"
EndProject
Project("{9A19103F-16F7-4668-BE54-9A1E7A4F7556}") = "Core.Base", "src\core.Packages\Core.Base\Core.Base.csproj", "{F5AF8828-6365-4E53-AAB0-A5565DC62E1F}"
EndProject
Project("{2150E333-8FDC-42A3-9474-1A3956D46DE8}") = "project", "project", "{305F4008-F085-4BAE-AB1B-F52598E6652A}"
EndProject
Project("{9A19103F-16F7-4668-BE54-9A1E7A4F7556}") = "Persistance", "src\project\Persistance\Persistance.csproj", "{D7F91713-4AE3-4BF4-BD56-720D9F788209}"
EndProject
Project("{9A19103F-16F7-4668-BE54-9A1E7A4F7556}") = "Domain", "src\project\Domain\Domain.csproj", "{6D63568D-FF96-450C-AA9E-B9E472CCDF9A}"
EndProject
Project("{9A19103F-16F7-4668-BE54-9A1E7A4F7556}") = "Application", "src\project\Application\Application.csproj", "{0068E19E-E0A0-485A-BF6D-66BE848013C8}"
EndProject
Global
	GlobalSection(SolutionConfigurationPlatforms) = preSolution
		Debug|Any CPU = Debug|Any CPU
		Release|Any CPU = Release|Any CPU
	EndGlobalSection
	GlobalSection(ProjectConfigurationPlatforms) = postSolution
		{9645E404-EA03-4A3A-AE60-42E58390C111}.Debug|Any CPU.ActiveCfg = Debug|Any CPU
		{9645E404-EA03-4A3A-AE60-42E58390C111}.Debug|Any CPU.Build.0 = Debug|Any CPU
		{9645E404-EA03-4A3A-AE60-42E58390C111}.Release|Any CPU.ActiveCfg = Release|Any CPU
		{9645E404-EA03-4A3A-AE60-42E58390C111}.Release|Any CPU.Build.0 = Release|Any CPU
		{93EAF1BC-495C-41D7-A033-39E4D045204C}.Debug|Any CPU.ActiveCfg = Debug|Any CPU
		{93EAF1BC-495C-41D7-A033-39E4D045204C}.Debug|Any CPU.Build.0 = Debug|Any CPU
		{93EAF1BC-495C-41D7-A033-39E4D045204C}.Release|Any CPU.ActiveCfg = Release|Any CPU
		{93EAF1BC-495C-41D7-A033-39E4D045204C}.Release|Any CPU.Build.0 = Release|Any CPU
		{F5AF8828-6365-4E53-AAB0-A5565DC62E1F}.Debug|Any CPU.ActiveCfg = Debug|Any CPU
		{F5AF8828-6365-4E53-AAB0-A5565DC62E1F}.Debug|Any CPU.Build.0 = Debug|Any CPU
		{F5AF8828-6365-4E53-AAB0-A5565DC62E1F}.Release|Any CPU.ActiveCfg = Release|Any CPU
		{F5AF8828-6365-4E53-AAB0-A5565DC62E1F}.Release|Any CPU.Build.0 = Release|Any CPU
		{D7F91713-4AE3-4BF4-BD56-720D9F788209}.Debug|Any CPU.ActiveCfg = Debug|Any CPU
		{D7F91713-4AE3-4BF4-BD56-720D9F788209}.Debug|Any CPU.Build.0 = Debug|Any CPU
		{D7F91713-4AE3-4BF4-BD56-720D9F788209}.Release|Any CPU.ActiveCfg = Release|Any CPU
		{D7F91713-4AE3-4BF4-BD56-720D9F788209}.Release|Any CPU.Build.0 = Release|Any CPU
		{6D63568D-FF96-450C-AA9E-B9E472CCDF9A}.Debug|Any CPU.ActiveCfg = Debug|Any CPU
		{6D63568D-FF96-450C-AA9E-B9E472CCDF9A}.Debug|Any CPU.Build.0 = Debug|Any CPU
		{6D63568D-FF96-450C-AA9E-B9E472CCDF9A}.Release|Any CPU.ActiveCfg = Release|Any CPU
		{6D63568D-FF96-450C-AA9E-B9E472CCDF9A}.Release|Any CPU.Build.0 = Release|Any CPU
		{0068E19E-E0A0-485A-BF6D-66BE848013C8}.Debug|Any CPU.ActiveCfg = Debug|Any CPU
		{0068E19E-E0A0-485A-BF6D-66BE848013C8}.Debug|Any CPU.Build.0 = Debug|Any CPU
		{0068E19E-E0A0-485A-BF6D-66BE848013C8}.Release|Any CPU.ActiveCfg = Release|Any CPU
		{0068E19E-E0A0-485A-BF6D-66BE848013C8}.Release|Any CPU.Build.0 = Release|Any CPU
	EndGlobalSection
	GlobalSection(SolutionProperties) = preSolution
		HideSolutionNode = FALSE
	EndGlobalSection
	GlobalSection(NestedProjects) = preSolution
		{807FBFF2-3267-489F-94E4-5FDD4D1D9A2A} = {548CE4A6-6131-4D78-BEA2-C99EF4DFB9AF}
		{9645E404-EA03-4A3A-AE60-42E58390C111} = {807FBFF2-3267-489F-94E4-5FDD4D1D9A2A}
		{4F5A164A-EC3A-4E82-ACEC-33A9A0CD36C7} = {548CE4A6-6131-4D78-BEA2-C99EF4DFB9AF}
		{93EAF1BC-495C-41D7-A033-39E4D045204C} = {4F5A164A-EC3A-4E82-ACEC-33A9A0CD36C7}
		{9B69EF0E-2223-41A1-AEE9-7B90DFD5D40D} = {548CE4A6-6131-4D78-BEA2-C99EF4DFB9AF}
		{F5AF8828-6365-4E53-AAB0-A5565DC62E1F} = {9B69EF0E-2223-41A1-AEE9-7B90DFD5D40D}
		{305F4008-F085-4BAE-AB1B-F52598E6652A} = {548CE4A6-6131-4D78-BEA2-C99EF4DFB9AF}
		{D7F91713-4AE3-4BF4-BD56-720D9F788209} = {305F4008-F085-4BAE-AB1B-F52598E6652A}
		{6D63568D-FF96-450C-AA9E-B9E472CCDF9A} = {305F4008-F085-4BAE-AB1B-F52598E6652A}
		{0068E19E-E0A0-485A-BF6D-66BE848013C8} = {305F4008-F085-4BAE-AB1B-F52598E6652A}
	EndGlobalSection
	GlobalSection(ExtensibilityGlobals) = postSolution
		SolutionGuid = {DED5E875-2933-432B-BCD8-922C99095F27}
	EndGlobalSection
EndGlobal
